
Microsoft Visual Studio Solution File, Format Version 12.00
Project("{FAE04EC0-301F-11D3-BF4B-00C04F79EFBC}") = "ExceptionMiddleware", "ExceptionMiddleware\ExceptionMiddleware.csproj", "{104674DE-5326-48D4-B42F-4643325BFFCE}"
EndProject
Global
	GlobalSection(SolutionConfigurationPlatforms) = preSolution
		Debug|Any CPU = Debug|Any CPU
		Release|Any CPU = Release|Any CPU
	EndGlobalSection
	GlobalSection(ProjectConfigurationPlatforms) = postSolution
		{104674DE-5326-48D4-B42F-4643325BFFCE}.Debug|Any CPU.ActiveCfg = Debug|Any CPU
		{104674DE-5326-48D4-B42F-4643325BFFCE}.Debug|Any CPU.Build.0 = Debug|Any CPU
		{104674DE-5326-48D4-B42F-4643325BFFCE}.Release|Any CPU.ActiveCfg = Release|Any CPU
		{104674DE-5326-48D4-B42F-4643325BFFCE}.Release|Any CPU.Build.0 = Release|Any CPU
	EndGlobalSection
EndGlobal
